
Microsoft Visual Studio Solution File, Format Version 12.00
# Visual Studio Version 17
VisualStudioVersion = 17.7.34031.279
MinimumVisualStudioVersion = 10.0.40219.1
Project("{9A19103F-16F7-4668-BE54-9A1E7A4F7556}") = "Ju.GundamWars.Core", "Ju.GundamWars.Core\Ju.GundamWars.Core.csproj", "{BE35DD9C-EAAC-4290-810A-E04F5038CC38}"
EndProject
Project("{9A19103F-16F7-4668-BE54-9A1E7A4F7556}") = "Ju.GundamWars.Server", "Ju.GundamWars.Server\Ju.GundamWars.Server.csproj", "{3EFC3ECF-5451-45A7-9BD8-ACFF261D75BA}"
EndProject
Project("{9A19103F-16F7-4668-BE54-9A1E7A4F7556}") = "Ju.GundamWars.Client", "Ju.GundamWars.Client\Ju.GundamWars.Client.csproj", "{52238F10-EEE1-45E1-B676-F01178A0BFB4}"
EndProject
Project("{2150E333-8FDC-42A3-9474-1A3956D46DE8}") = "Core", "Core", "{83601926-ED5D-4A5E-AF60-BD213D246D4C}"
EndProject
Project("{9A19103F-16F7-4668-BE54-9A1E7A4F7556}") = "ConsoleApp1", "ConsoleApp1\ConsoleApp1.csproj", "{7C227C48-0EF3-4089-97B9-F808E47D8EF1}"
EndProject
Project("{9A19103F-16F7-4668-BE54-9A1E7A4F7556}") = "Ju.Core", "..\..\Ju\Source\Ju.Core\Ju.Core.csproj", "{AF983A9C-8D63-4A26-9077-9922AF2EDF71}"
EndProject
Project("{9A19103F-16F7-4668-BE54-9A1E7A4F7556}") = "Ju.GundamWars.Client.Const", "Ju.GundamWars.Client.Const\Ju.GundamWars.Client.Const.csproj", "{70F27559-AA74-4621-84C5-EA6641440845}"
EndProject
Project("{9A19103F-16F7-4668-BE54-9A1E7A4F7556}") = "Ju.GundamWars.Client.Master", "Ju.GundamWars.Client.Master\Ju.GundamWars.Client.Master.csproj", "{FD74474B-DB5C-48BA-A47D-971CE70E4AF1}"
EndProject
Project("{9A19103F-16F7-4668-BE54-9A1E7A4F7556}") = "Ju.GundamWars.Client.Transaction", "Ju.GundamWars.Client.Transaction\Ju.GundamWars.Client.Transaction.csproj", "{FBCF8209-789F-46A8-893F-FBFB092A51EA}"
EndProject
Project("{9A19103F-16F7-4668-BE54-9A1E7A4F7556}") = "Ju.GundamWars.Server.Master", "Ju.GundamWars.Server.Master\Ju.GundamWars.Server.Master.csproj", "{0E30EE3F-1E32-46B3-8286-6D62FF15264D}"
EndProject
Project("{9A19103F-16F7-4668-BE54-9A1E7A4F7556}") = "Ju.GundamWars.Server.Transaction", "Ju.GundamWars.Server.Transaction\Ju.GundamWars.Server.Transaction.csproj", "{E96D0E65-9692-4D46-B5B1-BE6E161E501B}"
EndProject
Project("{9A19103F-16F7-4668-BE54-9A1E7A4F7556}") = "Ju.GundamWars.Share.Const", "Ju.GundamWars.Share.Const\Ju.GundamWars.Share.Const.csproj", "{C90FD614-28AC-4907-9857-3E74FCB30EA3}"
EndProject
Project("{9A19103F-16F7-4668-BE54-9A1E7A4F7556}") = "Ju.GundamWars.Share.Master", "Ju.GundamWars.Share.Master\Ju.GundamWars.Share.Master.csproj", "{0B46DEEC-22DB-4857-9A43-468B84E91FDE}"
EndProject
Project("{9A19103F-16F7-4668-BE54-9A1E7A4F7556}") = "Ju.GundamWars.Share.Transaction", "Ju.GundamWars.Share.Transaction\Ju.GundamWars.Share.Transaction.csproj", "{163D07C1-104B-4A91-923B-A68F3C12E313}"
EndProject
Project("{2150E333-8FDC-42A3-9474-1A3956D46DE8}") = "Client", "Client", "{0456B35B-CA70-436F-BDD6-96645B9A228D}"
EndProject
Project("{2150E333-8FDC-42A3-9474-1A3956D46DE8}") = "Server", "Server", "{C1196934-B708-4828-91B6-F35A73C8A6AE}"
EndProject
Project("{2150E333-8FDC-42A3-9474-1A3956D46DE8}") = "Share", "Share", "{632ADB4F-4BDA-4156-B732-EA5428F4D13B}"
EndProject
Project("{9A19103F-16F7-4668-BE54-9A1E7A4F7556}") = "Ju.GundamWars", "Ju.GundamWars\Ju.GundamWars.csproj", "{CB36DD96-C9E0-4562-A830-1E719171C3C6}"
EndProject
Global
	GlobalSection(SolutionConfigurationPlatforms) = preSolution
		Debug|Any CPU = Debug|Any CPU
		Release|Any CPU = Release|Any CPU
	EndGlobalSection
	GlobalSection(ProjectConfigurationPlatforms) = postSolution
		{BE35DD9C-EAAC-4290-810A-E04F5038CC38}.Debug|Any CPU.ActiveCfg = Debug|Any CPU
		{BE35DD9C-EAAC-4290-810A-E04F5038CC38}.Debug|Any CPU.Build.0 = Debug|Any CPU
		{BE35DD9C-EAAC-4290-810A-E04F5038CC38}.Release|Any CPU.ActiveCfg = Release|Any CPU
		{BE35DD9C-EAAC-4290-810A-E04F5038CC38}.Release|Any CPU.Build.0 = Release|Any CPU
		{3EFC3ECF-5451-45A7-9BD8-ACFF261D75BA}.Debug|Any CPU.ActiveCfg = Debug|Any CPU
		{3EFC3ECF-5451-45A7-9BD8-ACFF261D75BA}.Debug|Any CPU.Build.0 = Debug|Any CPU
		{3EFC3ECF-5451-45A7-9BD8-ACFF261D75BA}.Release|Any CPU.ActiveCfg = Release|Any CPU
		{3EFC3ECF-5451-45A7-9BD8-ACFF261D75BA}.Release|Any CPU.Build.0 = Release|Any CPU
		{52238F10-EEE1-45E1-B676-F01178A0BFB4}.Debug|Any CPU.ActiveCfg = Debug|Any CPU
		{52238F10-EEE1-45E1-B676-F01178A0BFB4}.Debug|Any CPU.Build.0 = Debug|Any CPU
		{52238F10-EEE1-45E1-B676-F01178A0BFB4}.Release|Any CPU.ActiveCfg = Release|Any CPU
		{52238F10-EEE1-45E1-B676-F01178A0BFB4}.Release|Any CPU.Build.0 = Release|Any CPU
		{7C227C48-0EF3-4089-97B9-F808E47D8EF1}.Debug|Any CPU.ActiveCfg = Debug|Any CPU
		{7C227C48-0EF3-4089-97B9-F808E47D8EF1}.Debug|Any CPU.Build.0 = Debug|Any CPU
		{7C227C48-0EF3-4089-97B9-F808E47D8EF1}.Release|Any CPU.ActiveCfg = Release|Any CPU
		{7C227C48-0EF3-4089-97B9-F808E47D8EF1}.Release|Any CPU.Build.0 = Release|Any CPU
		{AF983A9C-8D63-4A26-9077-9922AF2EDF71}.Debug|Any CPU.ActiveCfg = Debug|Any CPU
		{AF983A9C-8D63-4A26-9077-9922AF2EDF71}.Debug|Any CPU.Build.0 = Debug|Any CPU
		{AF983A9C-8D63-4A26-9077-9922AF2EDF71}.Release|Any CPU.ActiveCfg = Release|Any CPU
		{AF983A9C-8D63-4A26-9077-9922AF2EDF71}.Release|Any CPU.Build.0 = Release|Any CPU
		{70F27559-AA74-4621-84C5-EA6641440845}.Debug|Any CPU.ActiveCfg = Debug|Any CPU
		{70F27559-AA74-4621-84C5-EA6641440845}.Debug|Any CPU.Build.0 = Debug|Any CPU
		{70F27559-AA74-4621-84C5-EA6641440845}.Release|Any CPU.ActiveCfg = Release|Any CPU
		{70F27559-AA74-4621-84C5-EA6641440845}.Release|Any CPU.Build.0 = Release|Any CPU
		{FD74474B-DB5C-48BA-A47D-971CE70E4AF1}.Debug|Any CPU.ActiveCfg = Debug|Any CPU
		{FD74474B-DB5C-48BA-A47D-971CE70E4AF1}.Debug|Any CPU.Build.0 = Debug|Any CPU
		{FD74474B-DB5C-48BA-A47D-971CE70E4AF1}.Release|Any CPU.ActiveCfg = Release|Any CPU
		{FD74474B-DB5C-48BA-A47D-971CE70E4AF1}.Release|Any CPU.Build.0 = Release|Any CPU
		{FBCF8209-789F-46A8-893F-FBFB092A51EA}.Debug|Any CPU.ActiveCfg = Debug|Any CPU
		{FBCF8209-789F-46A8-893F-FBFB092A51EA}.Debug|Any CPU.Build.0 = Debug|Any CPU
		{FBCF8209-789F-46A8-893F-FBFB092A51EA}.Release|Any CPU.ActiveCfg = Release|Any CPU
		{FBCF8209-789F-46A8-893F-FBFB092A51EA}.Release|Any CPU.Build.0 = Release|Any CPU
		{0E30EE3F-1E32-46B3-8286-6D62FF15264D}.Debug|Any CPU.ActiveCfg = Debug|Any CPU
		{0E30EE3F-1E32-46B3-8286-6D62FF15264D}.Debug|Any CPU.Build.0 = Debug|Any CPU
		{0E30EE3F-1E32-46B3-8286-6D62FF15264D}.Release|Any CPU.ActiveCfg = Release|Any CPU
		{0E30EE3F-1E32-46B3-8286-6D62FF15264D}.Release|Any CPU.Build.0 = Release|Any CPU
		{E96D0E65-9692-4D46-B5B1-BE6E161E501B}.Debug|Any CPU.ActiveCfg = Debug|Any CPU
		{E96D0E65-9692-4D46-B5B1-BE6E161E501B}.Debug|Any CPU.Build.0 = Debug|Any CPU
		{E96D0E65-9692-4D46-B5B1-BE6E161E501B}.Release|Any CPU.ActiveCfg = Release|Any CPU
		{E96D0E65-9692-4D46-B5B1-BE6E161E501B}.Release|Any CPU.Build.0 = Release|Any CPU
		{C90FD614-28AC-4907-9857-3E74FCB30EA3}.Debug|Any CPU.ActiveCfg = Debug|Any CPU
		{C90FD614-28AC-4907-9857-3E74FCB30EA3}.Debug|Any CPU.Build.0 = Debug|Any CPU
		{C90FD614-28AC-4907-9857-3E74FCB30EA3}.Release|Any CPU.ActiveCfg = Release|Any CPU
		{C90FD614-28AC-4907-9857-3E74FCB30EA3}.Release|Any CPU.Build.0 = Release|Any CPU
		{0B46DEEC-22DB-4857-9A43-468B84E91FDE}.Debug|Any CPU.ActiveCfg = Debug|Any CPU
		{0B46DEEC-22DB-4857-9A43-468B84E91FDE}.Debug|Any CPU.Build.0 = Debug|Any CPU
		{0B46DEEC-22DB-4857-9A43-468B84E91FDE}.Release|Any CPU.ActiveCfg = Release|Any CPU
		{0B46DEEC-22DB-4857-9A43-468B84E91FDE}.Release|Any CPU.Build.0 = Release|Any CPU
		{163D07C1-104B-4A91-923B-A68F3C12E313}.Debug|Any CPU.ActiveCfg = Debug|Any CPU
		{163D07C1-104B-4A91-923B-A68F3C12E313}.Debug|Any CPU.Build.0 = Debug|Any CPU
		{163D07C1-104B-4A91-923B-A68F3C12E313}.Release|Any CPU.ActiveCfg = Release|Any CPU
		{163D07C1-104B-4A91-923B-A68F3C12E313}.Release|Any CPU.Build.0 = Release|Any CPU
		{CB36DD96-C9E0-4562-A830-1E719171C3C6}.Debug|Any CPU.ActiveCfg = Debug|Any CPU
		{CB36DD96-C9E0-4562-A830-1E719171C3C6}.Debug|Any CPU.Build.0 = Debug|Any CPU
		{CB36DD96-C9E0-4562-A830-1E719171C3C6}.Release|Any CPU.ActiveCfg = Release|Any CPU
		{CB36DD96-C9E0-4562-A830-1E719171C3C6}.Release|Any CPU.Build.0 = Release|Any CPU
	EndGlobalSection
	GlobalSection(SolutionProperties) = preSolution
		HideSolutionNode = FALSE
	EndGlobalSection
	GlobalSection(NestedProjects) = preSolution
		{BE35DD9C-EAAC-4290-810A-E04F5038CC38} = {83601926-ED5D-4A5E-AF60-BD213D246D4C}
		{3EFC3ECF-5451-45A7-9BD8-ACFF261D75BA} = {C1196934-B708-4828-91B6-F35A73C8A6AE}
		{52238F10-EEE1-45E1-B676-F01178A0BFB4} = {0456B35B-CA70-436F-BDD6-96645B9A228D}
		{AF983A9C-8D63-4A26-9077-9922AF2EDF71} = {83601926-ED5D-4A5E-AF60-BD213D246D4C}
		{70F27559-AA74-4621-84C5-EA6641440845} = {0456B35B-CA70-436F-BDD6-96645B9A228D}
		{FD74474B-DB5C-48BA-A47D-971CE70E4AF1} = {0456B35B-CA70-436F-BDD6-96645B9A228D}
		{FBCF8209-789F-46A8-893F-FBFB092A51EA} = {0456B35B-CA70-436F-BDD6-96645B9A228D}
		{0E30EE3F-1E32-46B3-8286-6D62FF15264D} = {C1196934-B708-4828-91B6-F35A73C8A6AE}
		{E96D0E65-9692-4D46-B5B1-BE6E161E501B} = {C1196934-B708-4828-91B6-F35A73C8A6AE}
		{C90FD614-28AC-4907-9857-3E74FCB30EA3} = {632ADB4F-4BDA-4156-B732-EA5428F4D13B}
		{0B46DEEC-22DB-4857-9A43-468B84E91FDE} = {632ADB4F-4BDA-4156-B732-EA5428F4D13B}
		{163D07C1-104B-4A91-923B-A68F3C12E313} = {632ADB4F-4BDA-4156-B732-EA5428F4D13B}
		{CB36DD96-C9E0-4562-A830-1E719171C3C6} = {0456B35B-CA70-436F-BDD6-96645B9A228D}
	EndGlobalSection
	GlobalSection(ExtensibilityGlobals) = postSolution
		SolutionGuid = {FED6AFF9-FFD5-48E6-8B9C-E668E6131973}
	EndGlobalSection
EndGlobal
