
Microsoft Visual Studio Solution File, Format Version 12.00
# Visual Studio Version 17
VisualStudioVersion = 17.7.34031.279
MinimumVisualStudioVersion = 10.0.40219.1
Project("{9A19103F-16F7-4668-BE54-9A1E7A4F7556}") = "Ju.GundamWars", "Ju.GundamWars\Ju.GundamWars.csproj", "{0A187D05-288E-4407-981B-078957FD9123}"
EndProject
Project("{9A19103F-16F7-4668-BE54-9A1E7A4F7556}") = "Ju.GundamWars.Core", "Ju.GundamWars.Core\Ju.GundamWars.Core.csproj", "{BE35DD9C-EAAC-4290-810A-E04F5038CC38}"
EndProject
Project("{9A19103F-16F7-4668-BE54-9A1E7A4F7556}") = "Ju.GundamWars.Persistence", "Ju.GundamWars.Persistence\Ju.GundamWars.Persistence.csproj", "{7F651611-295C-4A78-BE75-C42A1ED8E199}"
EndProject
Project("{9A19103F-16F7-4668-BE54-9A1E7A4F7556}") = "Ju.GundamWars.Persistence2", "Ju.GundamWars.Persistence2\Ju.GundamWars.Persistence2.csproj", "{980D5C5C-C016-4955-A4F0-E2E35BC8F0FE}"
EndProject
Project("{9A19103F-16F7-4668-BE54-9A1E7A4F7556}") = "Ju.GundamWars.Application", "Ju.GundamWars.Application\Ju.GundamWars.Application.csproj", "{7E1F3502-2CD5-4B3C-88E5-733913B96792}"
EndProject
Project("{9A19103F-16F7-4668-BE54-9A1E7A4F7556}") = "Ju.GundamWars.Server", "Ju.GundamWars.Server\Ju.GundamWars.Server.csproj", "{3EFC3ECF-5451-45A7-9BD8-ACFF261D75BA}"
EndProject
Project("{9A19103F-16F7-4668-BE54-9A1E7A4F7556}") = "Ju.GundamWars.Client", "Ju.GundamWars.Client\Ju.GundamWars.Client.csproj", "{52238F10-EEE1-45E1-B676-F01178A0BFB4}"
EndProject
Project("{2150E333-8FDC-42A3-9474-1A3956D46DE8}") = "Core", "Core", "{83601926-ED5D-4A5E-AF60-BD213D246D4C}"
EndProject
Project("{2150E333-8FDC-42A3-9474-1A3956D46DE8}") = "_", "_", "{AC5FEDAE-46C6-4949-B28D-CF1E9072275D}"
EndProject
Project("{2150E333-8FDC-42A3-9474-1A3956D46DE8}") = "Mobiles", "Mobiles", "{721BEC5D-690D-4C74-9F9F-A548430186D9}"
EndProject
Project("{2150E333-8FDC-42A3-9474-1A3956D46DE8}") = "Pilots", "Pilots", "{B898BAC4-D878-4FA1-AB81-867AE0ECF92B}"
EndProject
Project("{2150E333-8FDC-42A3-9474-1A3956D46DE8}") = "Supports", "Supports", "{3832B80D-8D94-4311-929A-7CE1BA3DB2BA}"
EndProject
Project("{2150E333-8FDC-42A3-9474-1A3956D46DE8}") = "CoMobiles", "CoMobiles", "{1A910B61-6AF5-4814-901F-36BB43131C3F}"
EndProject
Project("{2150E333-8FDC-42A3-9474-1A3956D46DE8}") = "Cuspas", "Cuspas", "{7802B1F0-0CA3-40C5-914F-02272518ADE7}"
EndProject
Project("{FAE04EC0-301F-11D3-BF4B-00C04F79EFBC}") = "Ju.GundamWars.WpfClient.Mobiles", "Ju.GundamWars.WpfClient.Mobiles\Ju.GundamWars.WpfClient.Mobiles.csproj", "{1A0716B4-D736-4C39-8DB1-58435D21DD29}"
EndProject
Project("{9A19103F-16F7-4668-BE54-9A1E7A4F7556}") = "Ju.GundamWars.BizMaster", "Ju.GundamWars.BizMaster\Ju.GundamWars.BizMaster.csproj", "{D68A9F60-7F83-482E-ABD7-56BFFA2DC710}"
EndProject
Project("{9A19103F-16F7-4668-BE54-9A1E7A4F7556}") = "Ju.GundamWars.BizConst", "Ju.GundamWars.BizConst\Ju.GundamWars.BizConst.csproj", "{69B2C3B1-A60D-463C-82BE-00619BE83B39}"
EndProject
Project("{9A19103F-16F7-4668-BE54-9A1E7A4F7556}") = "Ju.GundamWars.BizTxn", "Ju.GundamWars.BizTxn\Ju.GundamWars.BizTxn.csproj", "{E3E9469F-D094-40DD-B44A-397862337E60}"
EndProject
Global
	GlobalSection(SolutionConfigurationPlatforms) = preSolution
		Debug|Any CPU = Debug|Any CPU
		Release|Any CPU = Release|Any CPU
	EndGlobalSection
	GlobalSection(ProjectConfigurationPlatforms) = postSolution
		{0A187D05-288E-4407-981B-078957FD9123}.Debug|Any CPU.ActiveCfg = Debug|Any CPU
		{0A187D05-288E-4407-981B-078957FD9123}.Debug|Any CPU.Build.0 = Debug|Any CPU
		{0A187D05-288E-4407-981B-078957FD9123}.Release|Any CPU.ActiveCfg = Release|Any CPU
		{0A187D05-288E-4407-981B-078957FD9123}.Release|Any CPU.Build.0 = Release|Any CPU
		{BE35DD9C-EAAC-4290-810A-E04F5038CC38}.Debug|Any CPU.ActiveCfg = Debug|Any CPU
		{BE35DD9C-EAAC-4290-810A-E04F5038CC38}.Debug|Any CPU.Build.0 = Debug|Any CPU
		{BE35DD9C-EAAC-4290-810A-E04F5038CC38}.Release|Any CPU.ActiveCfg = Release|Any CPU
		{BE35DD9C-EAAC-4290-810A-E04F5038CC38}.Release|Any CPU.Build.0 = Release|Any CPU
		{7F651611-295C-4A78-BE75-C42A1ED8E199}.Debug|Any CPU.ActiveCfg = Debug|Any CPU
		{7F651611-295C-4A78-BE75-C42A1ED8E199}.Debug|Any CPU.Build.0 = Debug|Any CPU
		{7F651611-295C-4A78-BE75-C42A1ED8E199}.Release|Any CPU.ActiveCfg = Release|Any CPU
		{7F651611-295C-4A78-BE75-C42A1ED8E199}.Release|Any CPU.Build.0 = Release|Any CPU
		{980D5C5C-C016-4955-A4F0-E2E35BC8F0FE}.Debug|Any CPU.ActiveCfg = Debug|Any CPU
		{980D5C5C-C016-4955-A4F0-E2E35BC8F0FE}.Debug|Any CPU.Build.0 = Debug|Any CPU
		{980D5C5C-C016-4955-A4F0-E2E35BC8F0FE}.Release|Any CPU.ActiveCfg = Release|Any CPU
		{980D5C5C-C016-4955-A4F0-E2E35BC8F0FE}.Release|Any CPU.Build.0 = Release|Any CPU
		{7E1F3502-2CD5-4B3C-88E5-733913B96792}.Debug|Any CPU.ActiveCfg = Debug|Any CPU
		{7E1F3502-2CD5-4B3C-88E5-733913B96792}.Debug|Any CPU.Build.0 = Debug|Any CPU
		{7E1F3502-2CD5-4B3C-88E5-733913B96792}.Release|Any CPU.ActiveCfg = Release|Any CPU
		{7E1F3502-2CD5-4B3C-88E5-733913B96792}.Release|Any CPU.Build.0 = Release|Any CPU
		{3EFC3ECF-5451-45A7-9BD8-ACFF261D75BA}.Debug|Any CPU.ActiveCfg = Debug|Any CPU
		{3EFC3ECF-5451-45A7-9BD8-ACFF261D75BA}.Debug|Any CPU.Build.0 = Debug|Any CPU
		{3EFC3ECF-5451-45A7-9BD8-ACFF261D75BA}.Release|Any CPU.ActiveCfg = Release|Any CPU
		{3EFC3ECF-5451-45A7-9BD8-ACFF261D75BA}.Release|Any CPU.Build.0 = Release|Any CPU
		{52238F10-EEE1-45E1-B676-F01178A0BFB4}.Debug|Any CPU.ActiveCfg = Debug|Any CPU
		{52238F10-EEE1-45E1-B676-F01178A0BFB4}.Debug|Any CPU.Build.0 = Debug|Any CPU
		{52238F10-EEE1-45E1-B676-F01178A0BFB4}.Release|Any CPU.ActiveCfg = Release|Any CPU
		{52238F10-EEE1-45E1-B676-F01178A0BFB4}.Release|Any CPU.Build.0 = Release|Any CPU
		{1A0716B4-D736-4C39-8DB1-58435D21DD29}.Debug|Any CPU.ActiveCfg = Debug|Any CPU
		{1A0716B4-D736-4C39-8DB1-58435D21DD29}.Debug|Any CPU.Build.0 = Debug|Any CPU
		{1A0716B4-D736-4C39-8DB1-58435D21DD29}.Release|Any CPU.ActiveCfg = Release|Any CPU
		{1A0716B4-D736-4C39-8DB1-58435D21DD29}.Release|Any CPU.Build.0 = Release|Any CPU
		{D68A9F60-7F83-482E-ABD7-56BFFA2DC710}.Debug|Any CPU.ActiveCfg = Debug|Any CPU
		{D68A9F60-7F83-482E-ABD7-56BFFA2DC710}.Debug|Any CPU.Build.0 = Debug|Any CPU
		{D68A9F60-7F83-482E-ABD7-56BFFA2DC710}.Release|Any CPU.ActiveCfg = Release|Any CPU
		{D68A9F60-7F83-482E-ABD7-56BFFA2DC710}.Release|Any CPU.Build.0 = Release|Any CPU
		{69B2C3B1-A60D-463C-82BE-00619BE83B39}.Debug|Any CPU.ActiveCfg = Debug|Any CPU
		{69B2C3B1-A60D-463C-82BE-00619BE83B39}.Debug|Any CPU.Build.0 = Debug|Any CPU
		{69B2C3B1-A60D-463C-82BE-00619BE83B39}.Release|Any CPU.ActiveCfg = Release|Any CPU
		{69B2C3B1-A60D-463C-82BE-00619BE83B39}.Release|Any CPU.Build.0 = Release|Any CPU
		{E3E9469F-D094-40DD-B44A-397862337E60}.Debug|Any CPU.ActiveCfg = Debug|Any CPU
		{E3E9469F-D094-40DD-B44A-397862337E60}.Debug|Any CPU.Build.0 = Debug|Any CPU
		{E3E9469F-D094-40DD-B44A-397862337E60}.Release|Any CPU.ActiveCfg = Release|Any CPU
		{E3E9469F-D094-40DD-B44A-397862337E60}.Release|Any CPU.Build.0 = Release|Any CPU
	EndGlobalSection
	GlobalSection(SolutionProperties) = preSolution
		HideSolutionNode = FALSE
	EndGlobalSection
	GlobalSection(NestedProjects) = preSolution
		{BE35DD9C-EAAC-4290-810A-E04F5038CC38} = {83601926-ED5D-4A5E-AF60-BD213D246D4C}
		{7F651611-295C-4A78-BE75-C42A1ED8E199} = {AC5FEDAE-46C6-4949-B28D-CF1E9072275D}
		{980D5C5C-C016-4955-A4F0-E2E35BC8F0FE} = {AC5FEDAE-46C6-4949-B28D-CF1E9072275D}
		{7E1F3502-2CD5-4B3C-88E5-733913B96792} = {AC5FEDAE-46C6-4949-B28D-CF1E9072275D}
		{3EFC3ECF-5451-45A7-9BD8-ACFF261D75BA} = {83601926-ED5D-4A5E-AF60-BD213D246D4C}
		{52238F10-EEE1-45E1-B676-F01178A0BFB4} = {83601926-ED5D-4A5E-AF60-BD213D246D4C}
		{1A0716B4-D736-4C39-8DB1-58435D21DD29} = {721BEC5D-690D-4C74-9F9F-A548430186D9}
		{D68A9F60-7F83-482E-ABD7-56BFFA2DC710} = {83601926-ED5D-4A5E-AF60-BD213D246D4C}
		{69B2C3B1-A60D-463C-82BE-00619BE83B39} = {83601926-ED5D-4A5E-AF60-BD213D246D4C}
		{E3E9469F-D094-40DD-B44A-397862337E60} = {83601926-ED5D-4A5E-AF60-BD213D246D4C}
	EndGlobalSection
	GlobalSection(ExtensibilityGlobals) = postSolution
		SolutionGuid = {FED6AFF9-FFD5-48E6-8B9C-E668E6131973}
	EndGlobalSection
EndGlobal
